
Microsoft Visual Studio Solution File, Format Version 12.00
# Visual Studio Version 16
VisualStudioVersion = 16.0.31112.23
MinimumVisualStudioVersion = 10.0.40219.1
Project("{FAE04EC0-301F-11D3-BF4B-00C04F79EFBC}") = "Parcial 1 Francisco Argueta", "Parcial 1 Francisco Argueta\Parcial 1 Francisco Argueta.csproj", "{11501F77-F546-47EC-8679-0AB4ED3666BF}"
EndProject
Global
	GlobalSection(SolutionConfigurationPlatforms) = preSolution
		Debug|Any CPU = Debug|Any CPU
		Release|Any CPU = Release|Any CPU
	EndGlobalSection
	GlobalSection(ProjectConfigurationPlatforms) = postSolution
		{11501F77-F546-47EC-8679-0AB4ED3666BF}.Debug|Any CPU.ActiveCfg = Debug|Any CPU
		{11501F77-F546-47EC-8679-0AB4ED3666BF}.Debug|Any CPU.Build.0 = Debug|Any CPU
		{11501F77-F546-47EC-8679-0AB4ED3666BF}.Release|Any CPU.ActiveCfg = Release|Any CPU
		{11501F77-F546-47EC-8679-0AB4ED3666BF}.Release|Any CPU.Build.0 = Release|Any CPU
	EndGlobalSection
	GlobalSection(SolutionProperties) = preSolution
		HideSolutionNode = FALSE
	EndGlobalSection
	GlobalSection(ExtensibilityGlobals) = postSolution
		SolutionGuid = {2CC55105-0716-4D0E-AF1E-0E3548CBC1D8}
	EndGlobalSection
EndGlobal
